
Microsoft Visual Studio Solution File, Format Version 12.00
# Visual Studio Version 17
VisualStudioVersion = 17.10.35027.167
MinimumVisualStudioVersion = 10.0.40219.1
Project("{FAE04EC0-301F-11D3-BF4B-00C04F79EFBC}") = "OrderManagement", "OrderManagement\OrderManagement.csproj", "{D116D7FE-D790-41CC-AA62-60A2AA22B724}"
EndProject
Global
	GlobalSection(SolutionConfigurationPlatforms) = preSolution
		Debug|Any CPU = Debug|Any CPU
		Release|Any CPU = Release|Any CPU
	EndGlobalSection
	GlobalSection(ProjectConfigurationPlatforms) = postSolution
		{D116D7FE-D790-41CC-AA62-60A2AA22B724}.Debug|Any CPU.ActiveCfg = Debug|Any CPU
		{D116D7FE-D790-41CC-AA62-60A2AA22B724}.Debug|Any CPU.Build.0 = Debug|Any CPU
		{D116D7FE-D790-41CC-AA62-60A2AA22B724}.Release|Any CPU.ActiveCfg = Release|Any CPU
		{D116D7FE-D790-41CC-AA62-60A2AA22B724}.Release|Any CPU.Build.0 = Release|Any CPU
	EndGlobalSection
	GlobalSection(SolutionProperties) = preSolution
		HideSolutionNode = FALSE
	EndGlobalSection
	GlobalSection(ExtensibilityGlobals) = postSolution
		SolutionGuid = {0BAAF07F-D8C9-4F74-9B4A-7FE5600A756C}
	EndGlobalSection
EndGlobal
